
Microsoft Visual Studio Solution File, Format Version 12.00
# Visual Studio 15
VisualStudioVersion = 15.0.27130.2010
MinimumVisualStudioVersion = 10.0.40219.1
Project("{FAE04EC0-301F-11D3-BF4B-00C04F79EFBC}") = "Repository", "Repository\Repository.csproj", "{2B79E421-4DFD-48FF-BC2B-F8DC5FE4456B}"
EndProject
Project("{FAE04EC0-301F-11D3-BF4B-00C04F79EFBC}") = "Service", "Service\Service.csproj", "{B564C832-0650-4876-A0EA-45556DE73206}"
EndProject
Project("{FAE04EC0-301F-11D3-BF4B-00C04F79EFBC}") = "Loteria", "Loteria\Loteria.csproj", "{CBB2F434-CE8A-4515-8BCE-1F1894F2E3D8}"
EndProject
Global
	GlobalSection(SolutionConfigurationPlatforms) = preSolution
		Debug|Any CPU = Debug|Any CPU
		Release|Any CPU = Release|Any CPU
	EndGlobalSection
	GlobalSection(ProjectConfigurationPlatforms) = postSolution
		{2B79E421-4DFD-48FF-BC2B-F8DC5FE4456B}.Debug|Any CPU.ActiveCfg = Debug|Any CPU
		{2B79E421-4DFD-48FF-BC2B-F8DC5FE4456B}.Debug|Any CPU.Build.0 = Debug|Any CPU
		{2B79E421-4DFD-48FF-BC2B-F8DC5FE4456B}.Release|Any CPU.ActiveCfg = Release|Any CPU
		{2B79E421-4DFD-48FF-BC2B-F8DC5FE4456B}.Release|Any CPU.Build.0 = Release|Any CPU
		{B564C832-0650-4876-A0EA-45556DE73206}.Debug|Any CPU.ActiveCfg = Debug|Any CPU
		{B564C832-0650-4876-A0EA-45556DE73206}.Debug|Any CPU.Build.0 = Debug|Any CPU
		{B564C832-0650-4876-A0EA-45556DE73206}.Release|Any CPU.ActiveCfg = Release|Any CPU
		{B564C832-0650-4876-A0EA-45556DE73206}.Release|Any CPU.Build.0 = Release|Any CPU
		{CBB2F434-CE8A-4515-8BCE-1F1894F2E3D8}.Debug|Any CPU.ActiveCfg = Debug|Any CPU
		{CBB2F434-CE8A-4515-8BCE-1F1894F2E3D8}.Debug|Any CPU.Build.0 = Debug|Any CPU
		{CBB2F434-CE8A-4515-8BCE-1F1894F2E3D8}.Release|Any CPU.ActiveCfg = Release|Any CPU
		{CBB2F434-CE8A-4515-8BCE-1F1894F2E3D8}.Release|Any CPU.Build.0 = Release|Any CPU
	EndGlobalSection
	GlobalSection(SolutionProperties) = preSolution
		HideSolutionNode = FALSE
	EndGlobalSection
	GlobalSection(ExtensibilityGlobals) = postSolution
		SolutionGuid = {73492E1D-6074-4985-8A94-7579B42BEA82}
	EndGlobalSection
EndGlobal
